
Microsoft Visual Studio Solution File, Format Version 12.00
# Visual Studio Version 16
VisualStudioVersion = 16.0.29009.5
MinimumVisualStudioVersion = 10.0.40219.1
Project("{FAE04EC0-301F-11D3-BF4B-00C04F79EFBC}") = "K2Documentation.Samples.WorkflowRuntime.WorkflowManagementAPI", "K2Documentation.Samples.WorkflowRuntime.WorkflowManagementAPI.csproj", "{6252B567-4F5B-4F95-A5EF-33CB90F610D4}"
EndProject
Global
	GlobalSection(SolutionConfigurationPlatforms) = preSolution
		Debug|x86 = Debug|x86
		Release|x86 = Release|x86
	EndGlobalSection
	GlobalSection(ProjectConfigurationPlatforms) = postSolution
		{6252B567-4F5B-4F95-A5EF-33CB90F610D4}.Debug|x86.ActiveCfg = Debug|x86
		{6252B567-4F5B-4F95-A5EF-33CB90F610D4}.Debug|x86.Build.0 = Debug|x86
		{6252B567-4F5B-4F95-A5EF-33CB90F610D4}.Release|x86.ActiveCfg = Release|x86
		{6252B567-4F5B-4F95-A5EF-33CB90F610D4}.Release|x86.Build.0 = Release|x86
	EndGlobalSection
	GlobalSection(SolutionProperties) = preSolution
		HideSolutionNode = FALSE
	EndGlobalSection
	GlobalSection(ExtensibilityGlobals) = postSolution
		SolutionGuid = {BF6D2E7B-49D3-4DC6-A9FB-27226EBF96A2}
	EndGlobalSection
EndGlobal
